
Microsoft Visual Studio Solution File, Format Version 12.00
# Visual Studio Version 16
VisualStudioVersion = 16.0.31025.194
MinimumVisualStudioVersion = 10.0.40219.1
Project("{FAE04EC0-301F-11D3-BF4B-00C04F79EFBC}") = "MVC Airport", "MVC Airport.csproj", "{1A6F291C-2E52-41CB-B1BB-9A2E69E3D213}"
EndProject
Project("{FAE04EC0-301F-11D3-BF4B-00C04F79EFBC}") = "Web API", "..\Web API\Web API.csproj", "{E9822139-49AC-4114-908C-0B2AE9791AF9}"
EndProject
Global
	GlobalSection(SolutionConfigurationPlatforms) = preSolution
		Debug|Any CPU = Debug|Any CPU
		Release|Any CPU = Release|Any CPU
	EndGlobalSection
	GlobalSection(ProjectConfigurationPlatforms) = postSolution
		{1A6F291C-2E52-41CB-B1BB-9A2E69E3D213}.Debug|Any CPU.ActiveCfg = Debug|Any CPU
		{1A6F291C-2E52-41CB-B1BB-9A2E69E3D213}.Debug|Any CPU.Build.0 = Debug|Any CPU
		{1A6F291C-2E52-41CB-B1BB-9A2E69E3D213}.Release|Any CPU.ActiveCfg = Release|Any CPU
		{1A6F291C-2E52-41CB-B1BB-9A2E69E3D213}.Release|Any CPU.Build.0 = Release|Any CPU
		{E9822139-49AC-4114-908C-0B2AE9791AF9}.Debug|Any CPU.ActiveCfg = Debug|Any CPU
		{E9822139-49AC-4114-908C-0B2AE9791AF9}.Debug|Any CPU.Build.0 = Debug|Any CPU
		{E9822139-49AC-4114-908C-0B2AE9791AF9}.Release|Any CPU.ActiveCfg = Release|Any CPU
		{E9822139-49AC-4114-908C-0B2AE9791AF9}.Release|Any CPU.Build.0 = Release|Any CPU
	EndGlobalSection
	GlobalSection(SolutionProperties) = preSolution
		HideSolutionNode = FALSE
	EndGlobalSection
	GlobalSection(ExtensibilityGlobals) = postSolution
		SolutionGuid = {7DDEA303-F7E7-400A-9329-361DBCE59C4B}
	EndGlobalSection
EndGlobal
